
Microsoft Visual Studio Solution File, Format Version 12.00
# Visual Studio 15
VisualStudioVersion = 15.0.35431.46
MinimumVisualStudioVersion = 10.0.40219.1
Project("{9A19103F-16F7-4668-BE54-9A1E7A4F7556}") = "ApiCoreService.Web.Tests", "ApiCoreService.Web.Tests\ApiCoreService.Web.Tests.csproj", "{9EF251AD-CB98-4B68-95FB-345C20D615DA}"
EndProject
Project("{9A19103F-16F7-4668-BE54-9A1E7A4F7556}") = "ApiCoreService.Web", "ApiCoreService.Web\ApiCoreService.Web.csproj", "{36E6BB68-9260-4186-A907-FFE260418BE3}"
EndProject
Global
	GlobalSection(SolutionConfigurationPlatforms) = preSolution
		Debug|Any CPU = Debug|Any CPU
		Release|Any CPU = Release|Any CPU
	EndGlobalSection
	GlobalSection(ProjectConfigurationPlatforms) = postSolution
		{9EF251AD-CB98-4B68-95FB-345C20D615DA}.Debug|Any CPU.ActiveCfg = Debug|Any CPU
		{9EF251AD-CB98-4B68-95FB-345C20D615DA}.Debug|Any CPU.Build.0 = Debug|Any CPU
		{9EF251AD-CB98-4B68-95FB-345C20D615DA}.Release|Any CPU.ActiveCfg = Release|Any CPU
		{9EF251AD-CB98-4B68-95FB-345C20D615DA}.Release|Any CPU.Build.0 = Release|Any CPU
		{36E6BB68-9260-4186-A907-FFE260418BE3}.Debug|Any CPU.ActiveCfg = Debug|Any CPU
		{36E6BB68-9260-4186-A907-FFE260418BE3}.Debug|Any CPU.Build.0 = Debug|Any CPU
		{36E6BB68-9260-4186-A907-FFE260418BE3}.Release|Any CPU.ActiveCfg = Release|Any CPU
		{36E6BB68-9260-4186-A907-FFE260418BE3}.Release|Any CPU.Build.0 = Release|Any CPU
	EndGlobalSection
	GlobalSection(SolutionProperties) = preSolution
		HideSolutionNode = FALSE
	EndGlobalSection
	GlobalSection(ExtensibilityGlobals) = postSolution
		SolutionGuid = {18466DC3-CA09-4DC0-97DC-D739FBE2515C}
	EndGlobalSection
EndGlobal
